
Microsoft Visual Studio Solution File, Format Version 12.00
Project("{FAE04EC0-301F-11D3-BF4B-00C04F79EFBC}") = "Askify.Api", "src\Askify.Api\Askify.Api.csproj", "{8872E87B-CD9F-4821-963C-057165931DEC}"
EndProject
Project("{2150E333-8FDC-42A3-9474-1A3956D46DE8}") = "src", "src", "{EE8D6FAD-D16F-4597-A1DC-F546891FA9E5}"
EndProject
Project("{FAE04EC0-301F-11D3-BF4B-00C04F79EFBC}") = "Askify.Application", "src\Askify.Application\Askify.Application.csproj", "{FFE7FE40-492F-439A-A25D-CA1BD327376C}"
EndProject
Project("{FAE04EC0-301F-11D3-BF4B-00C04F79EFBC}") = "Askify.Core", "src\Askify.Core\Askify.Core.csproj", "{73A7163E-2496-409D-8829-0FCD06949737}"
EndProject
Project("{FAE04EC0-301F-11D3-BF4B-00C04F79EFBC}") = "Askify.Infrastructure", "src\Askify.Infrastructure\Askify.Infrastructure.csproj", "{8BA628EE-3586-4BA3-9322-7904D41EAA3E}"
EndProject
Global
	GlobalSection(SolutionConfigurationPlatforms) = preSolution
		Debug|Any CPU = Debug|Any CPU
		Release|Any CPU = Release|Any CPU
	EndGlobalSection
	GlobalSection(ProjectConfigurationPlatforms) = postSolution
		{8872E87B-CD9F-4821-963C-057165931DEC}.Debug|Any CPU.ActiveCfg = Debug|Any CPU
		{8872E87B-CD9F-4821-963C-057165931DEC}.Debug|Any CPU.Build.0 = Debug|Any CPU
		{8872E87B-CD9F-4821-963C-057165931DEC}.Release|Any CPU.ActiveCfg = Release|Any CPU
		{8872E87B-CD9F-4821-963C-057165931DEC}.Release|Any CPU.Build.0 = Release|Any CPU
		{FFE7FE40-492F-439A-A25D-CA1BD327376C}.Debug|Any CPU.ActiveCfg = Debug|Any CPU
		{FFE7FE40-492F-439A-A25D-CA1BD327376C}.Debug|Any CPU.Build.0 = Debug|Any CPU
		{FFE7FE40-492F-439A-A25D-CA1BD327376C}.Release|Any CPU.ActiveCfg = Release|Any CPU
		{FFE7FE40-492F-439A-A25D-CA1BD327376C}.Release|Any CPU.Build.0 = Release|Any CPU
		{73A7163E-2496-409D-8829-0FCD06949737}.Debug|Any CPU.ActiveCfg = Debug|Any CPU
		{73A7163E-2496-409D-8829-0FCD06949737}.Debug|Any CPU.Build.0 = Debug|Any CPU
		{73A7163E-2496-409D-8829-0FCD06949737}.Release|Any CPU.ActiveCfg = Release|Any CPU
		{73A7163E-2496-409D-8829-0FCD06949737}.Release|Any CPU.Build.0 = Release|Any CPU
		{8BA628EE-3586-4BA3-9322-7904D41EAA3E}.Debug|Any CPU.ActiveCfg = Debug|Any CPU
		{8BA628EE-3586-4BA3-9322-7904D41EAA3E}.Debug|Any CPU.Build.0 = Debug|Any CPU
		{8BA628EE-3586-4BA3-9322-7904D41EAA3E}.Release|Any CPU.ActiveCfg = Release|Any CPU
		{8BA628EE-3586-4BA3-9322-7904D41EAA3E}.Release|Any CPU.Build.0 = Release|Any CPU
	EndGlobalSection
	GlobalSection(NestedProjects) = preSolution
		{8872E87B-CD9F-4821-963C-057165931DEC} = {EE8D6FAD-D16F-4597-A1DC-F546891FA9E5}
		{FFE7FE40-492F-439A-A25D-CA1BD327376C} = {EE8D6FAD-D16F-4597-A1DC-F546891FA9E5}
		{73A7163E-2496-409D-8829-0FCD06949737} = {EE8D6FAD-D16F-4597-A1DC-F546891FA9E5}
		{8BA628EE-3586-4BA3-9322-7904D41EAA3E} = {EE8D6FAD-D16F-4597-A1DC-F546891FA9E5}
	EndGlobalSection
EndGlobal
